
Microsoft Visual Studio Solution File, Format Version 12.00
# Visual Studio Version 16
VisualStudioVersion = 16.0.32126.315
MinimumVisualStudioVersion = 10.0.40219.1
Project("{FAE04EC0-301F-11D3-BF4B-00C04F79EFBC}") = "Noto", "Noto\Noto.csproj", "{E62A6733-999F-48FD-833D-CB90BD278E5B}"
EndProject
Global
	GlobalSection(SolutionConfigurationPlatforms) = preSolution
		Debug|Any CPU = Debug|Any CPU
		Release|Any CPU = Release|Any CPU
	EndGlobalSection
	GlobalSection(ProjectConfigurationPlatforms) = postSolution
		{E62A6733-999F-48FD-833D-CB90BD278E5B}.Debug|Any CPU.ActiveCfg = Debug|Any CPU
		{E62A6733-999F-48FD-833D-CB90BD278E5B}.Debug|Any CPU.Build.0 = Debug|Any CPU
		{E62A6733-999F-48FD-833D-CB90BD278E5B}.Release|Any CPU.ActiveCfg = Release|Any CPU
		{E62A6733-999F-48FD-833D-CB90BD278E5B}.Release|Any CPU.Build.0 = Release|Any CPU
	EndGlobalSection
	GlobalSection(SolutionProperties) = preSolution
		HideSolutionNode = FALSE
	EndGlobalSection
	GlobalSection(ExtensibilityGlobals) = postSolution
		SolutionGuid = {610AE913-444B-4A58-97C6-02A4159A532E}
	EndGlobalSection
EndGlobal
